
Microsoft Visual Studio Solution File, Format Version 12.00
# Visual Studio Version 16
VisualStudioVersion = 16.0.28803.156
MinimumVisualStudioVersion = 10.0.40219.1
Project("{FAE04EC0-301F-11D3-BF4B-00C04F79EFBC}") = "Bdsh.Sync", "Bdsh.Sync\Bdsh.Sync.csproj", "{C7B3E6AC-519D-4939-998B-39276AE2515C}"
EndProject
Global
	GlobalSection(SolutionConfigurationPlatforms) = preSolution
		Debug|Any CPU = Debug|Any CPU
		Release|Any CPU = Release|Any CPU
	EndGlobalSection
	GlobalSection(ProjectConfigurationPlatforms) = postSolution
		{C7B3E6AC-519D-4939-998B-39276AE2515C}.Debug|Any CPU.ActiveCfg = Debug|Any CPU
		{C7B3E6AC-519D-4939-998B-39276AE2515C}.Debug|Any CPU.Build.0 = Debug|Any CPU
		{C7B3E6AC-519D-4939-998B-39276AE2515C}.Release|Any CPU.ActiveCfg = Release|Any CPU
		{C7B3E6AC-519D-4939-998B-39276AE2515C}.Release|Any CPU.Build.0 = Release|Any CPU
	EndGlobalSection
	GlobalSection(SolutionProperties) = preSolution
		HideSolutionNode = FALSE
	EndGlobalSection
	GlobalSection(ExtensibilityGlobals) = postSolution
		SolutionGuid = {E0E46687-E610-4FE9-A9E9-429D2629731F}
	EndGlobalSection
	GlobalSection(TeamFoundationVersionControl) = preSolution
		SccNumberOfProjects = 2
		SccEnterpriseProvider = {4CA58AB2-18FA-4F8D-95D4-32DDF27D184C}
		SccTeamFoundationServer = https://bdscorp.visualstudio.com/
		SccLocalPath0 = .
		SccProjectUniqueName1 = Bdsh.Sync\\Bdsh.Sync.csproj
		SccProjectName1 = Bdsh.Sync
		SccLocalPath1 = Bdsh.Sync
	EndGlobalSection
EndGlobal
